
Microsoft Visual Studio Solution File, Format Version 12.00
# Visual Studio Version 17
VisualStudioVersion = 17.0.32112.339
MinimumVisualStudioVersion = 10.0.40219.1
Project("{FAE04EC0-301F-11D3-BF4B-00C04F79EFBC}") = "TestDotNetPoc", "TestDotNetPoc\TestDotNetPoc.csproj", "{B2457636-5EDC-4783-9E14-0C93A2005E6A}"
EndProject
Global
	GlobalSection(SolutionConfigurationPlatforms) = preSolution
		Debug|Any CPU = Debug|Any CPU
		Release|Any CPU = Release|Any CPU
	EndGlobalSection
	GlobalSection(ProjectConfigurationPlatforms) = postSolution
		{B2457636-5EDC-4783-9E14-0C93A2005E6A}.Debug|Any CPU.ActiveCfg = Debug|Any CPU
		{B2457636-5EDC-4783-9E14-0C93A2005E6A}.Debug|Any CPU.Build.0 = Debug|Any CPU
		{B2457636-5EDC-4783-9E14-0C93A2005E6A}.Release|Any CPU.ActiveCfg = Release|Any CPU
		{B2457636-5EDC-4783-9E14-0C93A2005E6A}.Release|Any CPU.Build.0 = Release|Any CPU
	EndGlobalSection
	GlobalSection(SolutionProperties) = preSolution
		HideSolutionNode = FALSE
	EndGlobalSection
	GlobalSection(ExtensibilityGlobals) = postSolution
		SolutionGuid = {37824034-D85C-4A76-8D8B-20C24DD5E887}
	EndGlobalSection
EndGlobal
